<?xml version="1.0" encoding="utf-8"?>
<Project ToolsVersion="4.0" xmlns="http://schemas.microsoft.com/developer/msbuild/2003">
  <ItemGroup>
    <ClCompile Include="mpFoundation.cpp" />
    <ClCompile Include="MassParticle.cpp" />
    <ClCompile Include="mpWorld.cpp" />
    <ClCompile Include="pch.cpp" />
    <ClCompile Include="GraphicsDevice\mpGraphicsDeviceD3D11.cpp">
      <Filter>GraphicsDevice</Filter>
    </ClCompile>
    <ClCompile Include="GraphicsDevice\mpGraphicsDeviceOpenGL.cpp">
      <Filter>GraphicsDevice</Filter>
    </ClCompile>
    <ClCompile Include="GraphicsDevice\mpGraphicsDevice.cpp">
      <Filter>GraphicsDevice</Filter>
    </ClCompile>
    <ClCompile Include="GraphicsDevice\mpGraphicsDeviceD3D9.cpp">
      <Filter>GraphicsDevice</Filter>
    </ClCompile>
  </ItemGroup>
  <ItemGroup>
    <ClInclude Include="Concurrency.h" />
    <ClInclude Include="ispc_vectormath.h" />
    <ClInclude Include="MassParticle.h" />
    <ClInclude Include="mpFoundation.h" />
    <ClInclude Include="mpWorld.h" />
    <ClInclude Include="pch.h" />
    <ClInclude Include="SoA.h" />
    <ClInclude Include="mpCollision.h" />
    <ClInclude Include="GraphicsDevice\mpGraphicsDevice.h">
      <Filter>GraphicsDevice</Filter>
    </ClInclude>
  </ItemGroup>
  <ItemGroup>
    <CustomBuild Include="mpCore.ispc" />
  </ItemGroup>
  <ItemGroup>
    <Filter Include="GraphicsDevice">
      <UniqueIdentifier>{2530ac3c-41e6-4442-bbf0-7abce15d88f0}</UniqueIdentifier>
    </Filter>
  </ItemGroup>
</Project>